
Microsoft Visual Studio Solution File, Format Version 12.00
# Visual Studio Version 17
VisualStudioVersion = 17.0.31903.59
MinimumVisualStudioVersion = 10.0.40219.1
Project("{2150E333-8FDC-42A3-9474-1A3956D46DE8}") = "src", "src", "{D8D69E5D-6580-4A69-9DB3-BF5C937F00BE}"
EndProject
Project("{2150E333-8FDC-42A3-9474-1A3956D46DE8}") = "Cores", "Cores", "{25B88B80-0DBC-491F-9902-1ED63EEB6610}"
EndProject
Project("{FAE04EC0-301F-11D3-BF4B-00C04F79EFBC}") = "dotnetConf2023.Core", "src\Cores\dotnetConf2023.Core\dotnetConf2023.Core.csproj", "{609778E0-5B39-42CC-A109-5F6FAB90DD0F}"
EndProject
Project("{FAE04EC0-301F-11D3-BF4B-00C04F79EFBC}") = "dotnetConf2023.Domain", "src\Cores\dotnetConf2023.Domain\dotnetConf2023.Domain.csproj", "{7C72F6DD-2210-4D82-8A83-FBE0A34D2FA0}"
EndProject
Project("{2150E333-8FDC-42A3-9474-1A3956D46DE8}") = "Infrastructures", "Infrastructures", "{FD663188-C647-466A-99C3-6AD7BA1E1C79}"
EndProject
Project("{FAE04EC0-301F-11D3-BF4B-00C04F79EFBC}") = "dotnetConf2023.Infrastructure", "src\Infrastructures\dotnetConf2023.Infrastructure\dotnetConf2023.Infrastructure.csproj", "{5532CA86-8211-428B-8612-B4ED3492BF61}"
EndProject
Project("{FAE04EC0-301F-11D3-BF4B-00C04F79EFBC}") = "dotnetConf2023.Persistence", "src\Infrastructures\dotnetConf2023.Persistence\dotnetConf2023.Persistence.csproj", "{A16691EF-B04C-49E6-AC37-51EAF1245486}"
EndProject
Project("{2150E333-8FDC-42A3-9474-1A3956D46DE8}") = "Presentations", "Presentations", "{7F59565A-3141-4D15-BE22-F99C4ED4D8E4}"
EndProject
Project("{FAE04EC0-301F-11D3-BF4B-00C04F79EFBC}") = "dotnetConf2023.Api", "src\Presentations\dotnetConf2023.Api\dotnetConf2023.Api.csproj", "{5B0B4115-6E9F-4B17-BECF-5AA5A1D5608C}"
EndProject
Project("{2150E333-8FDC-42A3-9474-1A3956D46DE8}") = "Shared", "Shared", "{A8C534FB-A4BB-42F0-AFFC-DC6BCABBBA56}"
EndProject
Project("{FAE04EC0-301F-11D3-BF4B-00C04F79EFBC}") = "dotnetConf2023.Shared.Abstraction", "src\Shared\dotnetConf2023.Shared.Abstraction\dotnetConf2023.Shared.Abstraction.csproj", "{7222B59C-33B3-4BEC-8013-19F37D6A72DE}"
EndProject
Project("{FAE04EC0-301F-11D3-BF4B-00C04F79EFBC}") = "dotnetConf2023.Shared.Infrastructure", "src\Shared\dotnetConf2023.Shared.Infrastructure\dotnetConf2023.Shared.Infrastructure.csproj", "{C16A3806-5F3A-431C-AA41-043F52E2FB33}"
EndProject
Project("{2150E333-8FDC-42A3-9474-1A3956D46DE8}") = "tests", "tests", "{3EC43068-44EB-409F-8E84-9ADAD514EAB0}"
EndProject
Project("{FAE04EC0-301F-11D3-BF4B-00C04F79EFBC}") = "dotnetConf2023.FunctionalTests", "tests\dotnetConf2023.FunctionalTests\dotnetConf2023.FunctionalTests.csproj", "{D0818B0A-EECE-4F1A-AC1A-69522054455B}"
EndProject
Project("{FAE04EC0-301F-11D3-BF4B-00C04F79EFBC}") = "dotnetConf2023.IntegrationTests", "tests\dotnetConf2023.IntegrationTests\dotnetConf2023.IntegrationTests.csproj", "{5BF42CE7-E2FB-46F9-951B-977A137C4B73}"
EndProject
Project("{FAE04EC0-301F-11D3-BF4B-00C04F79EFBC}") = "dotnetConf2023.UnitTests", "tests\dotnetConf2023.UnitTests\dotnetConf2023.UnitTests.csproj", "{4D05FC5F-5C16-4F3A-881D-CE468E814356}"
EndProject
Global
	GlobalSection(SolutionConfigurationPlatforms) = preSolution
		Debug|Any CPU = Debug|Any CPU
		Release|Any CPU = Release|Any CPU
	EndGlobalSection
	GlobalSection(SolutionProperties) = preSolution
		HideSolutionNode = FALSE
	EndGlobalSection
	GlobalSection(ProjectConfigurationPlatforms) = postSolution
		{609778E0-5B39-42CC-A109-5F6FAB90DD0F}.Debug|Any CPU.ActiveCfg = Debug|Any CPU
		{609778E0-5B39-42CC-A109-5F6FAB90DD0F}.Debug|Any CPU.Build.0 = Debug|Any CPU
		{609778E0-5B39-42CC-A109-5F6FAB90DD0F}.Release|Any CPU.ActiveCfg = Release|Any CPU
		{609778E0-5B39-42CC-A109-5F6FAB90DD0F}.Release|Any CPU.Build.0 = Release|Any CPU
		{7C72F6DD-2210-4D82-8A83-FBE0A34D2FA0}.Debug|Any CPU.ActiveCfg = Debug|Any CPU
		{7C72F6DD-2210-4D82-8A83-FBE0A34D2FA0}.Debug|Any CPU.Build.0 = Debug|Any CPU
		{7C72F6DD-2210-4D82-8A83-FBE0A34D2FA0}.Release|Any CPU.ActiveCfg = Release|Any CPU
		{7C72F6DD-2210-4D82-8A83-FBE0A34D2FA0}.Release|Any CPU.Build.0 = Release|Any CPU
		{5532CA86-8211-428B-8612-B4ED3492BF61}.Debug|Any CPU.ActiveCfg = Debug|Any CPU
		{5532CA86-8211-428B-8612-B4ED3492BF61}.Debug|Any CPU.Build.0 = Debug|Any CPU
		{5532CA86-8211-428B-8612-B4ED3492BF61}.Release|Any CPU.ActiveCfg = Release|Any CPU
		{5532CA86-8211-428B-8612-B4ED3492BF61}.Release|Any CPU.Build.0 = Release|Any CPU
		{A16691EF-B04C-49E6-AC37-51EAF1245486}.Debug|Any CPU.ActiveCfg = Debug|Any CPU
		{A16691EF-B04C-49E6-AC37-51EAF1245486}.Debug|Any CPU.Build.0 = Debug|Any CPU
		{A16691EF-B04C-49E6-AC37-51EAF1245486}.Release|Any CPU.ActiveCfg = Release|Any CPU
		{A16691EF-B04C-49E6-AC37-51EAF1245486}.Release|Any CPU.Build.0 = Release|Any CPU
		{5B0B4115-6E9F-4B17-BECF-5AA5A1D5608C}.Debug|Any CPU.ActiveCfg = Debug|Any CPU
		{5B0B4115-6E9F-4B17-BECF-5AA5A1D5608C}.Debug|Any CPU.Build.0 = Debug|Any CPU
		{5B0B4115-6E9F-4B17-BECF-5AA5A1D5608C}.Release|Any CPU.ActiveCfg = Release|Any CPU
		{5B0B4115-6E9F-4B17-BECF-5AA5A1D5608C}.Release|Any CPU.Build.0 = Release|Any CPU
		{7222B59C-33B3-4BEC-8013-19F37D6A72DE}.Debug|Any CPU.ActiveCfg = Debug|Any CPU
		{7222B59C-33B3-4BEC-8013-19F37D6A72DE}.Debug|Any CPU.Build.0 = Debug|Any CPU
		{7222B59C-33B3-4BEC-8013-19F37D6A72DE}.Release|Any CPU.ActiveCfg = Release|Any CPU
		{7222B59C-33B3-4BEC-8013-19F37D6A72DE}.Release|Any CPU.Build.0 = Release|Any CPU
		{C16A3806-5F3A-431C-AA41-043F52E2FB33}.Debug|Any CPU.ActiveCfg = Debug|Any CPU
		{C16A3806-5F3A-431C-AA41-043F52E2FB33}.Debug|Any CPU.Build.0 = Debug|Any CPU
		{C16A3806-5F3A-431C-AA41-043F52E2FB33}.Release|Any CPU.ActiveCfg = Release|Any CPU
		{C16A3806-5F3A-431C-AA41-043F52E2FB33}.Release|Any CPU.Build.0 = Release|Any CPU
		{D0818B0A-EECE-4F1A-AC1A-69522054455B}.Debug|Any CPU.ActiveCfg = Debug|Any CPU
		{D0818B0A-EECE-4F1A-AC1A-69522054455B}.Debug|Any CPU.Build.0 = Debug|Any CPU
		{D0818B0A-EECE-4F1A-AC1A-69522054455B}.Release|Any CPU.ActiveCfg = Release|Any CPU
		{D0818B0A-EECE-4F1A-AC1A-69522054455B}.Release|Any CPU.Build.0 = Release|Any CPU
		{5BF42CE7-E2FB-46F9-951B-977A137C4B73}.Debug|Any CPU.ActiveCfg = Debug|Any CPU
		{5BF42CE7-E2FB-46F9-951B-977A137C4B73}.Debug|Any CPU.Build.0 = Debug|Any CPU
		{5BF42CE7-E2FB-46F9-951B-977A137C4B73}.Release|Any CPU.ActiveCfg = Release|Any CPU
		{5BF42CE7-E2FB-46F9-951B-977A137C4B73}.Release|Any CPU.Build.0 = Release|Any CPU
		{4D05FC5F-5C16-4F3A-881D-CE468E814356}.Debug|Any CPU.ActiveCfg = Debug|Any CPU
		{4D05FC5F-5C16-4F3A-881D-CE468E814356}.Debug|Any CPU.Build.0 = Debug|Any CPU
		{4D05FC5F-5C16-4F3A-881D-CE468E814356}.Release|Any CPU.ActiveCfg = Release|Any CPU
		{4D05FC5F-5C16-4F3A-881D-CE468E814356}.Release|Any CPU.Build.0 = Release|Any CPU
	EndGlobalSection
	GlobalSection(NestedProjects) = preSolution
		{25B88B80-0DBC-491F-9902-1ED63EEB6610} = {D8D69E5D-6580-4A69-9DB3-BF5C937F00BE}
		{609778E0-5B39-42CC-A109-5F6FAB90DD0F} = {25B88B80-0DBC-491F-9902-1ED63EEB6610}
		{7C72F6DD-2210-4D82-8A83-FBE0A34D2FA0} = {25B88B80-0DBC-491F-9902-1ED63EEB6610}
		{FD663188-C647-466A-99C3-6AD7BA1E1C79} = {D8D69E5D-6580-4A69-9DB3-BF5C937F00BE}
		{5532CA86-8211-428B-8612-B4ED3492BF61} = {FD663188-C647-466A-99C3-6AD7BA1E1C79}
		{A16691EF-B04C-49E6-AC37-51EAF1245486} = {FD663188-C647-466A-99C3-6AD7BA1E1C79}
		{7F59565A-3141-4D15-BE22-F99C4ED4D8E4} = {D8D69E5D-6580-4A69-9DB3-BF5C937F00BE}
		{5B0B4115-6E9F-4B17-BECF-5AA5A1D5608C} = {7F59565A-3141-4D15-BE22-F99C4ED4D8E4}
		{A8C534FB-A4BB-42F0-AFFC-DC6BCABBBA56} = {D8D69E5D-6580-4A69-9DB3-BF5C937F00BE}
		{7222B59C-33B3-4BEC-8013-19F37D6A72DE} = {A8C534FB-A4BB-42F0-AFFC-DC6BCABBBA56}
		{C16A3806-5F3A-431C-AA41-043F52E2FB33} = {A8C534FB-A4BB-42F0-AFFC-DC6BCABBBA56}
		{D0818B0A-EECE-4F1A-AC1A-69522054455B} = {3EC43068-44EB-409F-8E84-9ADAD514EAB0}
		{5BF42CE7-E2FB-46F9-951B-977A137C4B73} = {3EC43068-44EB-409F-8E84-9ADAD514EAB0}
		{4D05FC5F-5C16-4F3A-881D-CE468E814356} = {3EC43068-44EB-409F-8E84-9ADAD514EAB0}
	EndGlobalSection
EndGlobal
